
Microsoft Visual Studio Solution File, Format Version 12.00
# Visual Studio 15
VisualStudioVersion = 15.0.27130.2027
MinimumVisualStudioVersion = 10.0.40219.1
Project("{9A19103F-16F7-4668-BE54-9A1E7A4F7556}") = "messageSender", "messageSender\messageSender.csproj", "{481168BF-76B6-43E4-A1AB-DB2544E42A15}"
EndProject
Project("{9A19103F-16F7-4668-BE54-9A1E7A4F7556}") = "web", "web\web.csproj", "{BBBEE6C8-7891-4877-BB7C-DC4BA59B09B7}"
EndProject
Project("{FAE04EC0-301F-11D3-BF4B-00C04F79EFBC}") = "developerService", "developerService\developerService.csproj", "{463F8C23-0C70-413C-8226-24242C0E5CFB}"
EndProject
Global
	GlobalSection(SolutionConfigurationPlatforms) = preSolution
		Debug|Any CPU = Debug|Any CPU
		Release|Any CPU = Release|Any CPU
	EndGlobalSection
	GlobalSection(ProjectConfigurationPlatforms) = postSolution
		{481168BF-76B6-43E4-A1AB-DB2544E42A15}.Debug|Any CPU.ActiveCfg = Debug|Any CPU
		{481168BF-76B6-43E4-A1AB-DB2544E42A15}.Debug|Any CPU.Build.0 = Debug|Any CPU
		{481168BF-76B6-43E4-A1AB-DB2544E42A15}.Release|Any CPU.ActiveCfg = Release|Any CPU
		{481168BF-76B6-43E4-A1AB-DB2544E42A15}.Release|Any CPU.Build.0 = Release|Any CPU
		{BBBEE6C8-7891-4877-BB7C-DC4BA59B09B7}.Debug|Any CPU.ActiveCfg = Debug|Any CPU
		{BBBEE6C8-7891-4877-BB7C-DC4BA59B09B7}.Debug|Any CPU.Build.0 = Debug|Any CPU
		{BBBEE6C8-7891-4877-BB7C-DC4BA59B09B7}.Release|Any CPU.ActiveCfg = Release|Any CPU
		{BBBEE6C8-7891-4877-BB7C-DC4BA59B09B7}.Release|Any CPU.Build.0 = Release|Any CPU
		{463F8C23-0C70-413C-8226-24242C0E5CFB}.Debug|Any CPU.ActiveCfg = Debug|Any CPU
		{463F8C23-0C70-413C-8226-24242C0E5CFB}.Debug|Any CPU.Build.0 = Debug|Any CPU
		{463F8C23-0C70-413C-8226-24242C0E5CFB}.Release|Any CPU.ActiveCfg = Release|Any CPU
		{463F8C23-0C70-413C-8226-24242C0E5CFB}.Release|Any CPU.Build.0 = Release|Any CPU
	EndGlobalSection
	GlobalSection(SolutionProperties) = preSolution
		HideSolutionNode = FALSE
	EndGlobalSection
	GlobalSection(ExtensibilityGlobals) = postSolution
		SolutionGuid = {AE8C80E8-18E2-40DA-9D44-CB435E70E037}
	EndGlobalSection
EndGlobal
